
Microsoft Visual Studio Solution File, Format Version 12.00
# Visual Studio Version 16
VisualStudioVersion = 16.0.29215.179
MinimumVisualStudioVersion = 10.0.40219.1
Project("{FAE04EC0-301F-11D3-BF4B-00C04F79EFBC}") = "Sistema_Cine", "Sistema_Cine\Sistema_Cine.csproj", "{13A52E95-B706-4384-8AE1-FFC9CE76CEEC}"
EndProject
Global
	GlobalSection(SolutionConfigurationPlatforms) = preSolution
		Debug|Any CPU = Debug|Any CPU
		Release|Any CPU = Release|Any CPU
	EndGlobalSection
	GlobalSection(ProjectConfigurationPlatforms) = postSolution
		{13A52E95-B706-4384-8AE1-FFC9CE76CEEC}.Debug|Any CPU.ActiveCfg = Debug|Any CPU
		{13A52E95-B706-4384-8AE1-FFC9CE76CEEC}.Debug|Any CPU.Build.0 = Debug|Any CPU
		{13A52E95-B706-4384-8AE1-FFC9CE76CEEC}.Release|Any CPU.ActiveCfg = Release|Any CPU
		{13A52E95-B706-4384-8AE1-FFC9CE76CEEC}.Release|Any CPU.Build.0 = Release|Any CPU
	EndGlobalSection
	GlobalSection(SolutionProperties) = preSolution
		HideSolutionNode = FALSE
	EndGlobalSection
	GlobalSection(ExtensibilityGlobals) = postSolution
		SolutionGuid = {08B988EB-3749-4846-AD57-8FFAA4F6D3BB}
	EndGlobalSection
EndGlobal
